// !$*UTF8*$!
{
	archiveVersion = 1;
	classes = {
	};
	objectVersion = 77;
	objects = {

/* Begin PBXContainerItemProxy section */
		3E0E8BF32D89C27400447EE0 /* PBXContainerItemProxy */ = {
			isa = PBXContainerItemProxy;
			containerPortal = 3E0E8BD42D89C27200447EE0 /* Project object */;
			proxyType = 1;
			remoteGlobalIDString = 3E0E8BDB2D89C27200447EE0;
			remoteInfo = MyWardrobe;
		};
		3E0E8BFD2D89C27400447EE0 /* PBXContainerItemProxy */ = {
			isa = PBXContainerItemProxy;
			containerPortal = 3E0E8BD42D89C27200447EE0 /* Project object */;
			proxyType = 1;
			remoteGlobalIDString = 3E0E8BDB2D89C27200447EE0;
			remoteInfo = MyWardrobe;
		};
/* End PBXContainerItemProxy section */

/* Begin PBXFileReference section */
		3E0E8BDC2D89C27200447EE0 /* MyWardrobe.app */ = {isa = PBXFileReference; explicitFileType = wrapper.application; includeInIndex = 0; path = MyWardrobe.app; sourceTree = BUILT_PRODUCTS_DIR; };
		3E0E8BF22D89C27400447EE0 /* MyWardrobeTests.xctest */ = {isa = PBXFileReference; explicitFileType = wrapper.cfbundle; includeInIndex = 0; path = MyWardrobeTests.xctest; sourceTree = BUILT_PRODUCTS_DIR; };
		3E0E8BFC2D89C27400447EE0 /* MyWardrobeUITests.xctest */ = {isa = PBXFileReference; explicitFileType = wrapper.cfbundle; includeInIndex = 0; path = MyWardrobeUITests.xctest; sourceTree = BUILT_PRODUCTS_DIR; };
/* End PBXFileReference section */

/* Begin PBXFileSystemSynchronizedBuildFileExceptionSet section */
		3E0E8C042D89C27400447EE0 /* Exceptions for "MyWardrobe" folder in "MyWardrobe" target */ = {
			isa = PBXFileSystemSynchronizedBuildFileExceptionSet;
			membershipExceptions = (
				Info.plist,
			);
			target = 3E0E8BDB2D89C27200447EE0 /* MyWardrobe */;
		};
/* End PBXFileSystemSynchronizedBuildFileExceptionSet section */

/* Begin PBXFileSystemSynchronizedRootGroup section */
		3E0E8BDE2D89C27300447EE0 /* MyWardrobe */ = {
			isa = PBXFileSystemSynchronizedRootGroup;
			exceptions = (
				3E0E8C042D89C27400447EE0 /* Exceptions for "MyWardrobe" folder in "MyWardrobe" target */,
			);
			path = MyWardrobe;
			sourceTree = "<group>";
		};
		3E0E8BF52D89C27400447EE0 /* MyWardrobeTests */ = {
			isa = PBXFileSystemSynchronizedRootGroup;
			path = MyWardrobeTests;
			sourceTree = "<group>";
		};
		3E0E8BFF2D89C27400447EE0 /* MyWardrobeUITests */ = {
			isa = PBXFileSystemSynchronizedRootGroup;
			path = MyWardrobeUITests;
			sourceTree = "<group>";
		};
/* End PBXFileSystemSynchronizedRootGroup section */

/* Begin PBXFrameworksBuildPhase section */
		3E0E8BD92D89C27200447EE0 /* Frameworks */ = {
			isa = PBXFrameworksBuildPhase;
			buildActionMask = 2147483647;
			files = (
			);
			runOnlyForDeploymentPostprocessing = 0;
		};
		3E0E8BEF2D89C27400447EE0 /* Frameworks */ = {
			isa = PBXFrameworksBuildPhase;
			buildActionMask = 2147483647;
			files = (
			);
			runOnlyForDeploymentPostprocessing = 0;
		};
		3E0E8BF92D89C27400447EE0 /* Frameworks */ = {
			isa = PBXFrameworksBuildPhase;
			buildActionMask = 2147483647;
			files = (
			);
			runOnlyForDeploymentPostprocessing = 0;
		};
/* End PBXFrameworksBuildPhase section */

/* Begin PBXGroup section */
		3E0E8BD32D89C27200447EE0 = {
			isa = PBXGroup;
			children = (
				3E0E8BDE2D89C27300447EE0 /* MyWardrobe */,
				3E0E8BF52D89C27400447EE0 /* MyWardrobeTests */,
				3E0E8BFF2D89C27400447EE0 /* MyWardrobeUITests */,
				3E0E8BDD2D89C27200447EE0 /* Products */,
			);
			sourceTree = "<group>";
		};
		3E0E8BDD2D89C27200447EE0 /* Products */ = {
			isa = PBXGroup;
			children = (
				3E0E8BDC2D89C27200447EE0 /* MyWardrobe.app */,
				3E0E8BF22D89C27400447EE0 /* MyWardrobeTests.xctest */,
				3E0E8BFC2D89C27400447EE0 /* MyWardrobeUITests.xctest */,
			);
			name = Products;
			sourceTree = "<group>";
		};
/* End PBXGroup section */

/* Begin PBXNativeTarget section */
		3E0E8BDB2D89C27200447EE0 /* MyWardrobe */ = {
			isa = PBXNativeTarget;
			buildConfigurationList = 3E0E8C052D89C27400447EE0 /* Build configuration list for PBXNativeTarget "MyWardrobe" */;
			buildPhases = (
				3E0E8BD82D89C27200447EE0 /* Sources */,
				3E0E8BD92D89C27200447EE0 /* Frameworks */,
				3E0E8BDA2D89C27200447EE0 /* Resources */,
			);
			buildRules = (
			);
			dependencies = (
			);
			fileSystemSynchronizedGroups = (
				3E0E8BDE2D89C27300447EE0 /* MyWardrobe */,
			);
			name = MyWardrobe;
			packageProductDependencies = (
			);
			productName = MyWardrobe;
			productReference = 3E0E8BDC2D89C27200447EE0 /* MyWardrobe.app */;
			productType = "com.apple.product-type.application";
		};
		3E0E8BF12D89C27400447EE0 /* MyWardrobeTests */ = {
			isa = PBXNativeTarget;
			buildConfigurationList = 3E0E8C0A2D89C27400447EE0 /* Build configuration list for PBXNativeTarget "MyWardrobeTests" */;
			buildPhases = (
				3E0E8BEE2D89C27400447EE0 /* Sources */,
				3E0E8BEF2D89C27400447EE0 /* Frameworks */,
				3E0E8BF02D89C27400447EE0 /* Resources */,
			);
			buildRules = (
			);
			dependencies = (
				3E0E8BF42D89C27400447EE0 /* PBXTargetDependency */,
			);
			fileSystemSynchronizedGroups = (
				3E0E8BF52D89C27400447EE0 /* MyWardrobeTests */,
			);
			name = MyWardrobeTests;
			packageProductDependencies = (
			);
			productName = MyWardrobeTests;
			productReference = 3E0E8BF22D89C27400447EE0 /* MyWardrobeTests.xctest */;
			productType = "com.apple.product-type.bundle.unit-test";
		};
		3E0E8BFB2D89C27400447EE0 /* MyWardrobeUITests */ = {
			isa = PBXNativeTarget;
			buildConfigurationList = 3E0E8C0D2D89C27400447EE0 /* Build configuration list for PBXNativeTarget "MyWardrobeUITests" */;
			buildPhases = (
				3E0E8BF82D89C27400447EE0 /* Sources */,
				3E0E8BF92D89C27400447EE0 /* Frameworks */,
				3E0E8BFA2D89C27400447EE0 /* Resources */,
			);
			buildRules = (
			);
			dependencies = (
				3E0E8BFE2D89C27400447EE0 /* PBXTargetDependency */,
			);
			fileSystemSynchronizedGroups = (
				3E0E8BFF2D89C27400447EE0 /* MyWardrobeUITests */,
			);
			name = MyWardrobeUITests;
			packageProductDependencies = (
			);
			productName = MyWardrobeUITests;
			productReference = 3E0E8BFC2D89C27400447EE0 /* MyWardrobeUITests.xctest */;
			productType = "com.apple.product-type.bundle.ui-testing";
		};
/* End PBXNativeTarget section */

/* Begin PBXProject section */
		3E0E8BD42D89C27200447EE0 /* Project object */ = {
			isa = PBXProject;
			attributes = {
				BuildIndependentTargetsInParallel = 1;
				LastSwiftUpdateCheck = 1600;
				LastUpgradeCheck = 1600;
				TargetAttributes = {
					3E0E8BDB2D89C27200447EE0 = {
						CreatedOnToolsVersion = 16.0;
					};
					3E0E8BF12D89C27400447EE0 = {
						CreatedOnToolsVersion = 16.0;
						TestTargetID = 3E0E8BDB2D89C27200447EE0;
					};
					3E0E8BFB2D89C27400447EE0 = {
						CreatedOnToolsVersion = 16.0;
						TestTargetID = 3E0E8BDB2D89C27200447EE0;
					};
				};
			};
			buildConfigurationList = 3E0E8BD72D89C27200447EE0 /* Build configuration list for PBXProject "MyWardrobe" */;
			developmentRegion = en;
			hasScannedForEncodings = 0;
			knownRegions = (
				en,
				Base,
			);
			mainGroup = 3E0E8BD32D89C27200447EE0;
			minimizedProjectReferenceProxies = 1;
			preferredProjectObjectVersion = 77;
			productRefGroup = 3E0E8BDD2D89C27200447EE0 /* Products */;
			projectDirPath = "";
			projectRoot = "";
			targets = (
				3E0E8BDB2D89C27200447EE0 /* MyWardrobe */,
				3E0E8BF12D89C27400447EE0 /* MyWardrobeTests */,
				3E0E8BFB2D89C27400447EE0 /* MyWardrobeUITests */,
			);
		};
/* End PBXProject section */

/* Begin PBXResourcesBuildPhase section */
		3E0E8BDA2D89C27200447EE0 /* Resources */ = {
			isa = PBXResourcesBuildPhase;
			buildActionMask = 2147483647;
			files = (
			);
			runOnlyForDeploymentPostprocessing = 0;
		};
		3E0E8BF02D89C27400447EE0 /* Resources */ = {
			isa = PBXResourcesBuildPhase;
			buildActionMask = 2147483647;
			files = (
			);
			runOnlyForDeploymentPostprocessing = 0;
		};
		3E0E8BFA2D89C27400447EE0 /* Resources */ = {
			isa = PBXResourcesBuildPhase;
			buildActionMask = 2147483647;
			files = (
			);
			runOnlyForDeploymentPostprocessing = 0;
		};
/* End PBXResourcesBuildPhase section */

/* Begin PBXSourcesBuildPhase section */
		3E0E8BD82D89C27200447EE0 /* Sources */ = {
			isa = PBXSourcesBuildPhase;
			buildActionMask = 2147483647;
			files = (
			);
			runOnlyForDeploymentPostprocessing = 0;
		};
		3E0E8BEE2D89C27400447EE0 /* Sources */ = {
			isa = PBXSourcesBuildPhase;
			buildActionMask = 2147483647;
			files = (
			);
			runOnlyForDeploymentPostprocessing = 0;
		};
		3E0E8BF82D89C27400447EE0 /* Sources */ = {
			isa = PBXSourcesBuildPhase;
			buildActionMask = 2147483647;
			files = (
			);
			runOnlyForDeploymentPostprocessing = 0;
		};
/* End PBXSourcesBuildPhase section */

/* Begin PBXTargetDependency section */
		3E0E8BF42D89C27400447EE0 /* PBXTargetDependency */ = {
			isa = PBXTargetDependency;
			target = 3E0E8BDB2D89C27200447EE0 /* MyWardrobe */;
			targetProxy = 3E0E8BF32D89C27400447EE0 /* PBXContainerItemProxy */;
		};
		3E0E8BFE2D89C27400447EE0 /* PBXTargetDependency */ = {
			isa = PBXTargetDependency;
			target = 3E0E8BDB2D89C27200447EE0 /* MyWardrobe */;
			targetProxy = 3E0E8BFD2D89C27400447EE0 /* PBXContainerItemProxy */;
		};
/* End PBXTargetDependency section */

/* Begin XCBuildConfiguration section */
		3E0E8C062D89C27400447EE0 /* Debug */ = {
			isa = XCBuildConfiguration;
			buildSettings = {
				ASSETCATALOG_COMPILER_APPICON_NAME = AppIcon;
				ASSETCATALOG_COMPILER_GLOBAL_ACCENT_COLOR_NAME = AccentColor;
				CODE_SIGN_STYLE = Automatic;
				CURRENT_PROJECT_VERSION = 1;
				DEVELOPMENT_TEAM = 4TN4A2RVHH;
				GENERATE_INFOPLIST_FILE = YES;
				INFOPLIST_FILE = MyWardrobe/Info.plist;
				INFOPLIST_KEY_UIApplicationSupportsIndirectInputEvents = YES;
				INFOPLIST_KEY_UILaunchStoryboardName = LaunchScreen;
				INFOPLIST_KEY_UIMainStoryboardFile = Main;
				INFOPLIST_KEY_UISupportedInterfaceOrientations_iPad = "UIInterfaceOrientationPortrait UIInterfaceOrientationPortraitUpsideDown UIInterfaceOrientationLandscapeLeft UIInterfaceOrientationLandscapeRight";
				INFOPLIST_KEY_UISupportedInterfaceOrientations_iPhone = "UIInterfaceOrientationPortrait UIInterfaceOrientationLandscapeLeft UIInterfaceOrientationLandscapeRight";
				LD_RUNPATH_SEARCH_PATHS = (
					"$(inherited)",
					"@executable_path/Frameworks",
				);
				MARKETING_VERSION = 1.0;
				PRODUCT_BUNDLE_IDENTIFIER = com.nikitakiselev.MyWardrobe;
				PRODUCT_NAME = "$(TARGET_NAME)";
				SWIFT_EMIT_LOC_STRINGS = YES;
				SWIFT_VERSION = 5.0;
				TARGETED_DEVICE_FAMILY = "1,2";
			};
			name = Debug;
		};
		3E0E8C072D89C27400447EE0 /* Release */ = {
			isa = XCBuildConfiguration;
			buildSettings = {
				ASSETCATALOG_COMPILER_APPICON_NAME = AppIcon;
				ASSETCATALOG_COMPILER_GLOBAL_ACCENT_COLOR_NAME = AccentColor;
				CODE_SIGN_STYLE = Automatic;
				CURRENT_PROJECT_VERSION = 1;
				DEVELOPMENT_TEAM = 4TN4A2RVHH;
				GENERATE_INFOPLIST_FILE = YES;
				INFOPLIST_FILE = MyWardrobe/Info.plist;
				INFOPLIST_KEY_UIApplicationSupportsIndirectInputEvents = YES;
				INFOPLIST_KEY_UILaunchStoryboardName = LaunchScreen;
				INFOPLIST_KEY_UIMainStoryboardFile = Main;
				INFOPLIST_KEY_UISupportedInterfaceOrientations_iPad = "UIInterfaceOrientationPortrait UIInterfaceOrientationPortraitUpsideDown UIInterfaceOrientationLandscapeLeft UIInterfaceOrientationLandscapeRight";
				INFOPLIST_KEY_UISupportedInterfaceOrientations_iPhone = "UIInterfaceOrientationPortrait UIInterfaceOrientationLandscapeLeft UIInterfaceOrientationLandscapeRight";
				LD_RUNPATH_SEARCH_PATHS = (
					"$(inherited)",
					"@executable_path/Frameworks",
				);
				MARKETING_VERSION = 1.0;
				PRODUCT_BUNDLE_IDENTIFIER = com.nikitakiselev.MyWardrobe;
				PRODUCT_NAME = "$(TARGET_NAME)";
				SWIFT_EMIT_LOC_STRINGS = YES;
				SWIFT_VERSION = 5.0;
				TARGETED_DEVICE_FAMILY = "1,2";
			};
			name = Release;
		};
		3E0E8C082D89C27400447EE0 /* Debug */ = {
			isa = XCBuildConfiguration;
			buildSettings = {
				ALWAYS_SEARCH_USER_PATHS = NO;
				ASSETCATALOG_COMPILER_GENERATE_SWIFT_ASSET_SYMBOL_EXTENSIONS = YES;
				CLANG_ANALYZER_NONNULL = YES;
				CLANG_ANALYZER_NUMBER_OBJECT_CONVERSION = YES_AGGRESSIVE;
				CLANG_CXX_LANGUAGE_STANDARD = "gnu++20";
				CLANG_ENABLE_MODULES = YES;
				CLANG_ENABLE_OBJC_ARC = YES;
				CLANG_ENABLE_OBJC_WEAK = YES;
				CLANG_WARN_BLOCK_CAPTURE_AUTORELEASING = YES;
				CLANG_WARN_BOOL_CONVERSION = YES;
				CLANG_WARN_COMMA = YES;
				CLANG_WARN_CONSTANT_CONVERSION = YES;
				CLANG_WARN_DEPRECATED_OBJC_IMPLEMENTATIONS = YES;
				CLANG_WARN_DIRECT_OBJC_ISA_USAGE = YES_ERROR;
				CLANG_WARN_DOCUMENTATION_COMMENTS = YES;
				CLANG_WARN_EMPTY_BODY = YES;
				CLANG_WARN_ENUM_CONVERSION = YES;
				CLANG_WARN_INFINITE_RECURSION = YES;
				CLANG_WARN_INT_CONVERSION = YES;
				CLANG_WARN_NON_LITERAL_NULL_CONVERSION = YES;
				CLANG_WARN_OBJC_IMPLICIT_RETAIN_SELF = YES;
				CLANG_WARN_OBJC_LITERAL_CONVERSION = YES;
				CLANG_WARN_OBJC_ROOT_CLASS = YES_ERROR;
				CLANG_WARN_QUOTED_INCLUDE_IN_FRAMEWORK_HEADER = YES;
				CLANG_WARN_RANGE_LOOP_ANALYSIS = YES;
				CLANG_WARN_STRICT_PROTOTYPES = YES;
				CLANG_WARN_SUSPICIOUS_MOVE = YES;
				CLANG_WARN_UNGUARDED_AVAILABILITY = YES_AGGRESSIVE;
				CLANG_WARN_UNREACHABLE_CODE = YES;
				CLANG_WARN__DUPLICATE_METHOD_MATCH = YES;
				COPY_PHASE_STRIP = NO;
				DEBUG_INFORMATION_FORMAT = dwarf;
				ENABLE_STRICT_OBJC_MSGSEND = YES;
				ENABLE_TESTABILITY = YES;
				ENABLE_USER_SCRIPT_SANDBOXING = YES;
				GCC_C_LANGUAGE_STANDARD = gnu17;
				GCC_DYNAMIC_NO_PIC = NO;
				GCC_NO_COMMON_BLOCKS = YES;
				GCC_OPTIMIZATION_LEVEL = 0;
				GCC_PREPROCESSOR_DEFINITIONS = (
					"DEBUG=1",
					"$(inherited)",
				);
				GCC_WARN_64_TO_32_BIT_CONVERSION = YES;
				GCC_WARN_ABOUT_RETURN_TYPE = YES_ERROR;
				GCC_WARN_UNDECLARED_SELECTOR = YES;
				GCC_WARN_UNINITIALIZED_AUTOS = YES_AGGRESSIVE;
				GCC_WARN_UNUSED_FUNCTION = YES;
				GCC_WARN_UNUSED_VARIABLE = YES;
				IPHONEOS_DEPLOYMENT_TARGET = 18.0;
				LOCALIZATION_PREFERS_STRING_CATALOGS = YES;
				MTL_ENABLE_DEBUG_INFO = INCLUDE_SOURCE;
				MTL_FAST_MATH = YES;
				ONLY_ACTIVE_ARCH = YES;
				SDKROOT = iphoneos;
				SWIFT_ACTIVE_COMPILATION_CONDITIONS = "DEBUG $(inherited)";
				SWIFT_OPTIMIZATION_LEVEL = "-Onone";
			};
			name = Debug;
		};
		3E0E8C092D89C27400447EE0 /* Release */ = {
			isa = XCBuildConfiguration;
			buildSettings = {
				ALWAYS_SEARCH_USER_PATHS = NO;
				ASSETCATALOG_COMPILER_GENERATE_SWIFT_ASSET_SYMBOL_EXTENSIONS = YES;
				CLANG_ANALYZER_NONNULL = YES;
				CLANG_ANALYZER_NUMBER_OBJECT_CONVERSION = YES_AGGRESSIVE;
				CLANG_CXX_LANGUAGE_STANDARD = "gnu++20";
				CLANG_ENABLE_MODULES = YES;
				CLANG_ENABLE_OBJC_ARC = YES;
				CLANG_ENABLE_OBJC_WEAK = YES;
				CLANG_WARN_BLOCK_CAPTURE_AUTORELEASING = YES;
				CLANG_WARN_BOOL_CONVERSION = YES;
				CLANG_WARN_COMMA = YES;
				CLANG_WARN_CONSTANT_CONVERSION = YES;
				CLANG_WARN_DEPRECATED_OBJC_IMPLEMENTATIONS = YES;
				CLANG_WARN_DIRECT_OBJC_ISA_USAGE = YES_ERROR;
				CLANG_WARN_DOCUMENTATION_COMMENTS = YES;
				CLANG_WARN_EMPTY_BODY = YES;
				CLANG_WARN_ENUM_CONVERSION = YES;
				CLANG_WARN_INFINITE_RECURSION = YES;
				CLANG_WARN_INT_CONVERSION = YES;
				CLANG_WARN_NON_LITERAL_NULL_CONVERSION = YES;
				CLANG_WARN_OBJC_IMPLICIT_RETAIN_SELF = YES;
				CLANG_WARN_OBJC_LITERAL_CONVERSION = YES;
				CLANG_WARN_OBJC_ROOT_CLASS = YES_ERROR;
				CLANG_WARN_QUOTED_INCLUDE_IN_FRAMEWORK_HEADER = YES;
				CLANG_WARN_RANGE_LOOP_ANALYSIS = YES;
				CLANG_WARN_STRICT_PROTOTYPES = YES;
				CLANG_WARN_SUSPICIOUS_MOVE = YES;
				CLANG_WARN_UNGUARDED_AVAILABILITY = YES_AGGRESSIVE;
				CLANG_WARN_UNREACHABLE_CODE = YES;
				CLANG_WARN__DUPLICATE_METHOD_MATCH = YES;
				COPY_PHASE_STRIP = NO;
				DEBUG_INFORMATION_FORMAT = "dwarf-with-dsym";
				ENABLE_NS_ASSERTIONS = NO;
				ENABLE_STRICT_OBJC_MSGSEND = YES;
				ENABLE_USER_SCRIPT_SANDBOXING = YES;
				GCC_C_LANGUAGE_STANDARD = gnu17;
				GCC_NO_COMMON_BLOCKS = YES;
				GCC_WARN_64_TO_32_BIT_CONVERSION = YES;
				GCC_WARN_ABOUT_RETURN_TYPE = YES_ERROR;
				GCC_WARN_UNDECLARED_SELECTOR = YES;
				GCC_WARN_UNINITIALIZED_AUTOS = YES_AGGRESSIVE;
				GCC_WARN_UNUSED_FUNCTION = YES;
				GCC_WARN_UNUSED_VARIABLE = YES;
				IPHONEOS_DEPLOYMENT_TARGET = 18.0;
				LOCALIZATION_PREFERS_STRING_CATALOGS = YES;
				MTL_ENABLE_DEBUG_INFO = NO;
				MTL_FAST_MATH = YES;
				SDKROOT = iphoneos;
				SWIFT_COMPILATION_MODE = wholemodule;
				VALIDATE_PRODUCT = YES;
			};
			name = Release;
		};
		3E0E8C0B2D89C27400447EE0 /* Debug */ = {
			isa = XCBuildConfiguration;
			buildSettings = {
				BUNDLE_LOADER = "$(TEST_HOST)";
				CODE_SIGN_STYLE = Automatic;
				CURRENT_PROJECT_VERSION = 1;
				DEVELOPMENT_TEAM = 4TN4A2RVHH;
				GENERATE_INFOPLIST_FILE = YES;
				IPHONEOS_DEPLOYMENT_TARGET = 18.0;
				MARKETING_VERSION = 1.0;
				PRODUCT_BUNDLE_IDENTIFIER = com.nikitakiselev.MyWardrobeTests;
				PRODUCT_NAME = "$(TARGET_NAME)";
				SWIFT_EMIT_LOC_STRINGS = NO;
				SWIFT_VERSION = 5.0;
				TARGETED_DEVICE_FAMILY = "1,2";
				TEST_HOST = "$(BUILT_PRODUCTS_DIR)/MyWardrobe.app/$(BUNDLE_EXECUTABLE_FOLDER_PATH)/MyWardrobe";
			};
			name = Debug;
		};
		3E0E8C0C2D89C27400447EE0 /* Release */ = {
			isa = XCBuildConfiguration;
			buildSettings = {
				BUNDLE_LOADER = "$(TEST_HOST)";
				CODE_SIGN_STYLE = Automatic;
				CURRENT_PROJECT_VERSION = 1;
				DEVELOPMENT_TEAM = 4TN4A2RVHH;
				GENERATE_INFOPLIST_FILE = YES;
				IPHONEOS_DEPLOYMENT_TARGET = 18.0;
				MARKETING_VERSION = 1.0;
				PRODUCT_BUNDLE_IDENTIFIER = com.nikitakiselev.MyWardrobeTests;
				PRODUCT_NAME = "$(TARGET_NAME)";
				SWIFT_EMIT_LOC_STRINGS = NO;
				SWIFT_VERSION = 5.0;
				TARGETED_DEVICE_FAMILY = "1,2";
				TEST_HOST = "$(BUILT_PRODUCTS_DIR)/MyWardrobe.app/$(BUNDLE_EXECUTABLE_FOLDER_PATH)/MyWardrobe";
			};
			name = Release;
		};
		3E0E8C0E2D89C27400447EE0 /* Debug */ = {
			isa = XCBuildConfiguration;
			buildSettings = {
				CODE_SIGN_STYLE = Automatic;
				CURRENT_PROJECT_VERSION = 1;
				DEVELOPMENT_TEAM = 4TN4A2RVHH;
				GENERATE_INFOPLIST_FILE = YES;
				MARKETING_VERSION = 1.0;
				PRODUCT_BUNDLE_IDENTIFIER = com.nikitakiselev.MyWardrobeUITests;
				PRODUCT_NAME = "$(TARGET_NAME)";
				SWIFT_EMIT_LOC_STRINGS = NO;
				SWIFT_VERSION = 5.0;
				TARGETED_DEVICE_FAMILY = "1,2";
				TEST_TARGET_NAME = MyWardrobe;
			};
			name = Debug;
		};
		3E0E8C0F2D89C27400447EE0 /* Release */ = {
			isa = XCBuildConfiguration;
			buildSettings = {
				CODE_SIGN_STYLE = Automatic;
				CURRENT_PROJECT_VERSION = 1;
				DEVELOPMENT_TEAM = 4TN4A2RVHH;
				GENERATE_INFOPLIST_FILE = YES;
				MARKETING_VERSION = 1.0;
				PRODUCT_BUNDLE_IDENTIFIER = com.nikitakiselev.MyWardrobeUITests;
				PRODUCT_NAME = "$(TARGET_NAME)";
				SWIFT_EMIT_LOC_STRINGS = NO;
				SWIFT_VERSION = 5.0;
				TARGETED_DEVICE_FAMILY = "1,2";
				TEST_TARGET_NAME = MyWardrobe;
			};
			name = Release;
		};
/* End XCBuildConfiguration section */

/* Begin XCConfigurationList section */
		3E0E8BD72D89C27200447EE0 /* Build configuration list for PBXProject "MyWardrobe" */ = {
			isa = XCConfigurationList;
			buildConfigurations = (
				3E0E8C082D89C27400447EE0 /* Debug */,
				3E0E8C092D89C27400447EE0 /* Release */,
			);
			defaultConfigurationIsVisible = 0;
			defaultConfigurationName = Release;
		};
		3E0E8C052D89C27400447EE0 /* Build configuration list for PBXNativeTarget "MyWardrobe" */ = {
			isa = XCConfigurationList;
			buildConfigurations = (
				3E0E8C062D89C27400447EE0 /* Debug */,
				3E0E8C072D89C27400447EE0 /* Release */,
			);
			defaultConfigurationIsVisible = 0;
			defaultConfigurationName = Release;
		};
		3E0E8C0A2D89C27400447EE0 /* Build configuration list for PBXNativeTarget "MyWardrobeTests" */ = {
			isa = XCConfigurationList;
			buildConfigurations = (
				3E0E8C0B2D89C27400447EE0 /* Debug */,
				3E0E8C0C2D89C27400447EE0 /* Release */,
			);
			defaultConfigurationIsVisible = 0;
			defaultConfigurationName = Release;
		};
		3E0E8C0D2D89C27400447EE0 /* Build configuration list for PBXNativeTarget "MyWardrobeUITests" */ = {
			isa = XCConfigurationList;
			buildConfigurations = (
				3E0E8C0E2D89C27400447EE0 /* Debug */,
				3E0E8C0F2D89C27400447EE0 /* Release */,
			);
			defaultConfigurationIsVisible = 0;
			defaultConfigurationName = Release;
		};
/* End XCConfigurationList section */
	};
	rootObject = 3E0E8BD42D89C27200447EE0 /* Project object */;
}
